// !$*UTF8*$!
{
	archiveVersion = 1;
	classes = {
	};
	objectVersion = 52;
	objects = {

/* Begin PBXBuildFile section */
		2081B0D924727BCD00BDFC98 /* AppDelegate.swift in Sources */ = {isa = PBXBuildFile; fileRef = 2081B0D824727BCD00BDFC98 /* AppDelegate.swift */; };
		2081B0DD24727BCD00BDFC98 /* GitHubSearchViewController.swift in Sources */ = {isa = PBXBuildFile; fileRef = 2081B0DC24727BCD00BDFC98 /* GitHubSearchViewController.swift */; };
		2081B0E024727BCD00BDFC98 /* Main.storyboard in Resources */ = {isa = PBXBuildFile; fileRef = 2081B0DE24727BCD00BDFC98 /* Main.storyboard */; };
		2081B0E224727BCE00BDFC98 /* Assets.xcassets in Resources */ = {isa = PBXBuildFile; fileRef = 2081B0E124727BCE00BDFC98 /* Assets.xcassets */; };
		2081B0E524727BCE00BDFC98 /* LaunchScreen.storyboard in Resources */ = {isa = PBXBuildFile; fileRef = 2081B0E324727BCE00BDFC98 /* LaunchScreen.storyboard */; };
		2081B0ED24727C9900BDFC98 /* GitHubSearchViewModel.swift in Sources */ = {isa = PBXBuildFile; fileRef = 2081B0EC24727C9900BDFC98 /* GitHubSearchViewModel.swift */; };
		2081B0EF24727CD200BDFC98 /* Models.swift in Sources */ = {isa = PBXBuildFile; fileRef = 2081B0EE24727CD200BDFC98 /* Models.swift */; };
		2081B0F524727E3D00BDFC98 /* Moya in Frameworks */ = {isa = PBXBuildFile; productRef = 2081B0F424727E3D00BDFC98 /* Moya */; };
		2081B0F724727E3D00BDFC98 /* ReactiveMoya in Frameworks */ = {isa = PBXBuildFile; productRef = 2081B0F624727E3D00BDFC98 /* ReactiveMoya */; };
		2081B0F924727E3D00BDFC98 /* RxMoya in Frameworks */ = {isa = PBXBuildFile; productRef = 2081B0F824727E3D00BDFC98 /* RxMoya */; };
		2081B0FC24727EAA00BDFC98 /* GitHubRequest.swift in Sources */ = {isa = PBXBuildFile; fileRef = 2081B0FB24727EAA00BDFC98 /* GitHubRequest.swift */; };
		2081B0FE24727F8F00BDFC98 /* GitHubSearchServiceType.swift in Sources */ = {isa = PBXBuildFile; fileRef = 2081B0FD24727F8F00BDFC98 /* GitHubSearchServiceType.swift */; };
		2081B10024727FBE00BDFC98 /* GitHubSearchService.swift in Sources */ = {isa = PBXBuildFile; fileRef = 2081B0FF24727FBE00BDFC98 /* GitHubSearchService.swift */; };
		9B70E562F2F93687BBAAA6FB /* Pods_GitHubSearch.framework in Frameworks */ = {isa = PBXBuildFile; fileRef = 7F9D8EC40542A1E4F77DEEC1 /* Pods_GitHubSearch.framework */; };
/* End PBXBuildFile section */

/* Begin PBXFileReference section */
		2081B0D524727BCD00BDFC98 /* GitHubSearch.app */ = {isa = PBXFileReference; explicitFileType = wrapper.application; includeInIndex = 0; path = GitHubSearch.app; sourceTree = BUILT_PRODUCTS_DIR; };
		2081B0D824727BCD00BDFC98 /* AppDelegate.swift */ = {isa = PBXFileReference; lastKnownFileType = sourcecode.swift; path = AppDelegate.swift; sourceTree = "<group>"; };
		2081B0DC24727BCD00BDFC98 /* GitHubSearchViewController.swift */ = {isa = PBXFileReference; lastKnownFileType = sourcecode.swift; path = GitHubSearchViewController.swift; sourceTree = "<group>"; };
		2081B0DF24727BCD00BDFC98 /* Base */ = {isa = PBXFileReference; lastKnownFileType = file.storyboard; name = Base; path = Base.lproj/Main.storyboard; sourceTree = "<group>"; };
		2081B0E124727BCE00BDFC98 /* Assets.xcassets */ = {isa = PBXFileReference; lastKnownFileType = folder.assetcatalog; path = Assets.xcassets; sourceTree = "<group>"; };
		2081B0E424727BCE00BDFC98 /* Base */ = {isa = PBXFileReference; lastKnownFileType = file.storyboard; name = Base; path = Base.lproj/LaunchScreen.storyboard; sourceTree = "<group>"; };
		2081B0E624727BCE00BDFC98 /* Info.plist */ = {isa = PBXFileReference; lastKnownFileType = text.plist.xml; path = Info.plist; sourceTree = "<group>"; };
		2081B0EC24727C9900BDFC98 /* GitHubSearchViewModel.swift */ = {isa = PBXFileReference; lastKnownFileType = sourcecode.swift; path = GitHubSearchViewModel.swift; sourceTree = "<group>"; };
		2081B0EE24727CD200BDFC98 /* Models.swift */ = {isa = PBXFileReference; lastKnownFileType = sourcecode.swift; path = Models.swift; sourceTree = "<group>"; };
		2081B0FB24727EAA00BDFC98 /* GitHubRequest.swift */ = {isa = PBXFileReference; lastKnownFileType = sourcecode.swift; path = GitHubRequest.swift; sourceTree = "<group>"; };
		2081B0FD24727F8F00BDFC98 /* GitHubSearchServiceType.swift */ = {isa = PBXFileReference; lastKnownFileType = sourcecode.swift; path = GitHubSearchServiceType.swift; sourceTree = "<group>"; };
		2081B0FF24727FBE00BDFC98 /* GitHubSearchService.swift */ = {isa = PBXFileReference; lastKnownFileType = sourcecode.swift; path = GitHubSearchService.swift; sourceTree = "<group>"; };
		476525A70A12BFE69C375552 /* Pods-GitHubSearch.debug.xcconfig */ = {isa = PBXFileReference; includeInIndex = 1; lastKnownFileType = text.xcconfig; name = "Pods-GitHubSearch.debug.xcconfig"; path = "Target Support Files/Pods-GitHubSearch/Pods-GitHubSearch.debug.xcconfig"; sourceTree = "<group>"; };
		6474CA8DDF211F327627BD92 /* Pods-GitHubSearch.release.xcconfig */ = {isa = PBXFileReference; includeInIndex = 1; lastKnownFileType = text.xcconfig; name = "Pods-GitHubSearch.release.xcconfig"; path = "Target Support Files/Pods-GitHubSearch/Pods-GitHubSearch.release.xcconfig"; sourceTree = "<group>"; };
		7F9D8EC40542A1E4F77DEEC1 /* Pods_GitHubSearch.framework */ = {isa = PBXFileReference; explicitFileType = wrapper.framework; includeInIndex = 0; path = Pods_GitHubSearch.framework; sourceTree = BUILT_PRODUCTS_DIR; };
/* End PBXFileReference section */

/* Begin PBXFrameworksBuildPhase section */
		2081B0D224727BCD00BDFC98 /* Frameworks */ = {
			isa = PBXFrameworksBuildPhase;
			buildActionMask = 2147483647;
			files = (
				2081B0F524727E3D00BDFC98 /* Moya in Frameworks */,
				9B70E562F2F93687BBAAA6FB /* Pods_GitHubSearch.framework in Frameworks */,
				2081B0F924727E3D00BDFC98 /* RxMoya in Frameworks */,
				2081B0F724727E3D00BDFC98 /* ReactiveMoya in Frameworks */,
			);
			runOnlyForDeploymentPostprocessing = 0;
		};
/* End PBXFrameworksBuildPhase section */

/* Begin PBXGroup section */
		2081B0CC24727BCD00BDFC98 = {
			isa = PBXGroup;
			children = (
				2081B0D724727BCD00BDFC98 /* GitHubSearch */,
				2081B0D624727BCD00BDFC98 /* Products */,
				79E0499B694AF89FE6614D9E /* Pods */,
				B96F556071E512132BAAF187 /* Frameworks */,
			);
			sourceTree = "<group>";
		};
		2081B0D624727BCD00BDFC98 /* Products */ = {
			isa = PBXGroup;
			children = (
				2081B0D524727BCD00BDFC98 /* GitHubSearch.app */,
			);
			name = Products;
			sourceTree = "<group>";
		};
		2081B0D724727BCD00BDFC98 /* GitHubSearch */ = {
			isa = PBXGroup;
			children = (
				2081B0FA24727E8300BDFC98 /* Networking */,
				2081B0F224727CF700BDFC98 /* Models */,
				2081B0F124727CEE00BDFC98 /* View Models */,
				2081B0F024727CE400BDFC98 /* View Controllers */,
				2081B0D824727BCD00BDFC98 /* AppDelegate.swift */,
				2081B0DE24727BCD00BDFC98 /* Main.storyboard */,
				2081B0E124727BCE00BDFC98 /* Assets.xcassets */,
				2081B0E324727BCE00BDFC98 /* LaunchScreen.storyboard */,
				2081B0E624727BCE00BDFC98 /* Info.plist */,
			);
			path = GitHubSearch;
			sourceTree = "<group>";
		};
		2081B0F024727CE400BDFC98 /* View Controllers */ = {
			isa = PBXGroup;
			children = (
				2081B0DC24727BCD00BDFC98 /* GitHubSearchViewController.swift */,
			);
			path = "View Controllers";
			sourceTree = "<group>";
		};
		2081B0F124727CEE00BDFC98 /* View Models */ = {
			isa = PBXGroup;
			children = (
				2081B0EC24727C9900BDFC98 /* GitHubSearchViewModel.swift */,
			);
			path = "View Models";
			sourceTree = "<group>";
		};
		2081B0F224727CF700BDFC98 /* Models */ = {
			isa = PBXGroup;
			children = (
				2081B0EE24727CD200BDFC98 /* Models.swift */,
			);
			path = Models;
			sourceTree = "<group>";
		};
		2081B0FA24727E8300BDFC98 /* Networking */ = {
			isa = PBXGroup;
			children = (
				2081B0FB24727EAA00BDFC98 /* GitHubRequest.swift */,
				2081B0FD24727F8F00BDFC98 /* GitHubSearchServiceType.swift */,
				2081B0FF24727FBE00BDFC98 /* GitHubSearchService.swift */,
			);
			path = Networking;
			sourceTree = "<group>";
		};
		79E0499B694AF89FE6614D9E /* Pods */ = {
			isa = PBXGroup;
			children = (
				476525A70A12BFE69C375552 /* Pods-GitHubSearch.debug.xcconfig */,
				6474CA8DDF211F327627BD92 /* Pods-GitHubSearch.release.xcconfig */,
			);
			path = Pods;
			sourceTree = "<group>";
		};
		B96F556071E512132BAAF187 /* Frameworks */ = {
			isa = PBXGroup;
			children = (
				7F9D8EC40542A1E4F77DEEC1 /* Pods_GitHubSearch.framework */,
			);
			name = Frameworks;
			sourceTree = "<group>";
		};
/* End PBXGroup section */

/* Begin PBXNativeTarget section */
		2081B0D424727BCD00BDFC98 /* GitHubSearch */ = {
			isa = PBXNativeTarget;
			buildConfigurationList = 2081B0E924727BCE00BDFC98 /* Build configuration list for PBXNativeTarget "GitHubSearch" */;
			buildPhases = (
				2FB43A7FD2FEB4DE64C004F0 /* [CP] Check Pods Manifest.lock */,
				2081B0D124727BCD00BDFC98 /* Sources */,
				2081B0D224727BCD00BDFC98 /* Frameworks */,
				2081B0D324727BCD00BDFC98 /* Resources */,
				0588DEC4C7EDCB5709DB8252 /* [CP] Embed Pods Frameworks */,
			);
			buildRules = (
			);
			dependencies = (
			);
			name = GitHubSearch;
			packageProductDependencies = (
				2081B0F424727E3D00BDFC98 /* Moya */,
				2081B0F624727E3D00BDFC98 /* ReactiveMoya */,
				2081B0F824727E3D00BDFC98 /* RxMoya */,
			);
			productName = GitHubSearch;
			productReference = 2081B0D524727BCD00BDFC98 /* GitHubSearch.app */;
			productType = "com.apple.product-type.application";
		};
/* End PBXNativeTarget section */

/* Begin PBXProject section */
		2081B0CD24727BCD00BDFC98 /* Project object */ = {
			isa = PBXProject;
			attributes = {
				LastSwiftUpdateCheck = 1140;
				LastUpgradeCheck = 1140;
				ORGANIZATIONNAME = "Oluwatobi Omotayo";
				TargetAttributes = {
					2081B0D424727BCD00BDFC98 = {
						CreatedOnToolsVersion = 11.4.1;
					};
				};
			};
			buildConfigurationList = 2081B0D024727BCD00BDFC98 /* Build configuration list for PBXProject "GitHubSearch" */;
			compatibilityVersion = "Xcode 9.3";
			developmentRegion = en;
			hasScannedForEncodings = 0;
			knownRegions = (
				en,
				Base,
			);
			mainGroup = 2081B0CC24727BCD00BDFC98;
			packageReferences = (
				2081B0F324727E3D00BDFC98 /* XCRemoteSwiftPackageReference "Moya" */,
			);
			productRefGroup = 2081B0D624727BCD00BDFC98 /* Products */;
			projectDirPath = "";
			projectRoot = "";
			targets = (
				2081B0D424727BCD00BDFC98 /* GitHubSearch */,
			);
		};
/* End PBXProject section */

/* Begin PBXResourcesBuildPhase section */
		2081B0D324727BCD00BDFC98 /* Resources */ = {
			isa = PBXResourcesBuildPhase;
			buildActionMask = 2147483647;
			files = (
				2081B0E524727BCE00BDFC98 /* LaunchScreen.storyboard in Resources */,
				2081B0E224727BCE00BDFC98 /* Assets.xcassets in Resources */,
				2081B0E024727BCD00BDFC98 /* Main.storyboard in Resources */,
			);
			runOnlyForDeploymentPostprocessing = 0;
		};
/* End PBXResourcesBuildPhase section */

/* Begin PBXShellScriptBuildPhase section */
		0588DEC4C7EDCB5709DB8252 /* [CP] Embed Pods Frameworks */ = {
			isa = PBXShellScriptBuildPhase;
			buildActionMask = 2147483647;
			files = (
			);
			inputFileListPaths = (
				"${PODS_ROOT}/Target Support Files/Pods-GitHubSearch/Pods-GitHubSearch-frameworks-${CONFIGURATION}-input-files.xcfilelist",
			);
			name = "[CP] Embed Pods Frameworks";
			outputFileListPaths = (
				"${PODS_ROOT}/Target Support Files/Pods-GitHubSearch/Pods-GitHubSearch-frameworks-${CONFIGURATION}-output-files.xcfilelist",
			);
			runOnlyForDeploymentPostprocessing = 0;
			shellPath = /bin/sh;
			shellScript = "\"${PODS_ROOT}/Target Support Files/Pods-GitHubSearch/Pods-GitHubSearch-frameworks.sh\"\n";
			showEnvVarsInLog = 0;
		};
		2FB43A7FD2FEB4DE64C004F0 /* [CP] Check Pods Manifest.lock */ = {
			isa = PBXShellScriptBuildPhase;
			buildActionMask = 2147483647;
			files = (
			);
			inputFileListPaths = (
			);
			inputPaths = (
				"${PODS_PODFILE_DIR_PATH}/Podfile.lock",
				"${PODS_ROOT}/Manifest.lock",
			);
			name = "[CP] Check Pods Manifest.lock";
			outputFileListPaths = (
			);
			outputPaths = (
				"$(DERIVED_FILE_DIR)/Pods-GitHubSearch-checkManifestLockResult.txt",
			);
			runOnlyForDeploymentPostprocessing = 0;
			shellPath = /bin/sh;
			shellScript = "diff \"${PODS_PODFILE_DIR_PATH}/Podfile.lock\" \"${PODS_ROOT}/Manifest.lock\" > /dev/null\nif [ $? != 0 ] ; then\n    # print error to STDERR\n    echo \"error: The sandbox is not in sync with the Podfile.lock. Run 'pod install' or update your CocoaPods installation.\" >&2\n    exit 1\nfi\n# This output is used by Xcode 'outputs' to avoid re-running this script phase.\necho \"SUCCESS\" > \"${SCRIPT_OUTPUT_FILE_0}\"\n";
			showEnvVarsInLog = 0;
		};
/* End PBXShellScriptBuildPhase section */

/* Begin PBXSourcesBuildPhase section */
		2081B0D124727BCD00BDFC98 /* Sources */ = {
			isa = PBXSourcesBuildPhase;
			buildActionMask = 2147483647;
			files = (
				2081B0DD24727BCD00BDFC98 /* GitHubSearchViewController.swift in Sources */,
				2081B0D924727BCD00BDFC98 /* AppDelegate.swift in Sources */,
				2081B0ED24727C9900BDFC98 /* GitHubSearchViewModel.swift in Sources */,
				2081B0FC24727EAA00BDFC98 /* GitHubRequest.swift in Sources */,
				2081B10024727FBE00BDFC98 /* GitHubSearchService.swift in Sources */,
				2081B0EF24727CD200BDFC98 /* Models.swift in Sources */,
				2081B0FE24727F8F00BDFC98 /* GitHubSearchServiceType.swift in Sources */,
			);
			runOnlyForDeploymentPostprocessing = 0;
		};
/* End PBXSourcesBuildPhase section */

/* Begin PBXVariantGroup section */
		2081B0DE24727BCD00BDFC98 /* Main.storyboard */ = {
			isa = PBXVariantGroup;
			children = (
				2081B0DF24727BCD00BDFC98 /* Base */,
			);
			name = Main.storyboard;
			sourceTree = "<group>";
		};
		2081B0E324727BCE00BDFC98 /* LaunchScreen.storyboard */ = {
			isa = PBXVariantGroup;
			children = (
				2081B0E424727BCE00BDFC98 /* Base */,
			);
			name = LaunchScreen.storyboard;
			sourceTree = "<group>";
		};
/* End PBXVariantGroup section */

/* Begin XCBuildConfiguration section */
		2081B0E724727BCE00BDFC98 /* Debug */ = {
			isa = XCBuildConfiguration;
			buildSettings = {
				ALWAYS_SEARCH_USER_PATHS = NO;
				CLANG_ANALYZER_NONNULL = YES;
				CLANG_ANALYZER_NUMBER_OBJECT_CONVERSION = YES_AGGRESSIVE;
				CLANG_CXX_LANGUAGE_STANDARD = "gnu++14";
				CLANG_CXX_LIBRARY = "libc++";
				CLANG_ENABLE_MODULES = YES;
				CLANG_ENABLE_OBJC_ARC = YES;
				CLANG_ENABLE_OBJC_WEAK = YES;
				CLANG_WARN_BLOCK_CAPTURE_AUTORELEASING = YES;
				CLANG_WARN_BOOL_CONVERSION = YES;
				CLANG_WARN_COMMA = YES;
				CLANG_WARN_CONSTANT_CONVERSION = YES;
				CLANG_WARN_DEPRECATED_OBJC_IMPLEMENTATIONS = YES;
				CLANG_WARN_DIRECT_OBJC_ISA_USAGE = YES_ERROR;
				CLANG_WARN_DOCUMENTATION_COMMENTS = YES;
				CLANG_WARN_EMPTY_BODY = YES;
				CLANG_WARN_ENUM_CONVERSION = YES;
				CLANG_WARN_INFINITE_RECURSION = YES;
				CLANG_WARN_INT_CONVERSION = YES;
				CLANG_WARN_NON_LITERAL_NULL_CONVERSION = YES;
				CLANG_WARN_OBJC_IMPLICIT_RETAIN_SELF = YES;
				CLANG_WARN_OBJC_LITERAL_CONVERSION = YES;
				CLANG_WARN_OBJC_ROOT_CLASS = YES_ERROR;
				CLANG_WARN_RANGE_LOOP_ANALYSIS = YES;
				CLANG_WARN_STRICT_PROTOTYPES = YES;
				CLANG_WARN_SUSPICIOUS_MOVE = YES;
				CLANG_WARN_UNGUARDED_AVAILABILITY = YES_AGGRESSIVE;
				CLANG_WARN_UNREACHABLE_CODE = YES;
				CLANG_WARN__DUPLICATE_METHOD_MATCH = YES;
				COPY_PHASE_STRIP = NO;
				DEBUG_INFORMATION_FORMAT = dwarf;
				ENABLE_STRICT_OBJC_MSGSEND = YES;
				ENABLE_TESTABILITY = YES;
				GCC_C_LANGUAGE_STANDARD = gnu11;
				GCC_DYNAMIC_NO_PIC = NO;
				GCC_NO_COMMON_BLOCKS = YES;
				GCC_OPTIMIZATION_LEVEL = 0;
				GCC_PREPROCESSOR_DEFINITIONS = (
					"DEBUG=1",
					"$(inherited)",
				);
				GCC_WARN_64_TO_32_BIT_CONVERSION = YES;
				GCC_WARN_ABOUT_RETURN_TYPE = YES_ERROR;
				GCC_WARN_UNDECLARED_SELECTOR = YES;
				GCC_WARN_UNINITIALIZED_AUTOS = YES_AGGRESSIVE;
				GCC_WARN_UNUSED_FUNCTION = YES;
				GCC_WARN_UNUSED_VARIABLE = YES;
				IPHONEOS_DEPLOYMENT_TARGET = 13.4;
				MTL_ENABLE_DEBUG_INFO = INCLUDE_SOURCE;
				MTL_FAST_MATH = YES;
				ONLY_ACTIVE_ARCH = YES;
				SDKROOT = iphoneos;
				SWIFT_ACTIVE_COMPILATION_CONDITIONS = DEBUG;
				SWIFT_OPTIMIZATION_LEVEL = "-Onone";
			};
			name = Debug;
		};
		2081B0E824727BCE00BDFC98 /* Release */ = {
			isa = XCBuildConfiguration;
			buildSettings = {
				ALWAYS_SEARCH_USER_PATHS = NO;
				CLANG_ANALYZER_NONNULL = YES;
				CLANG_ANALYZER_NUMBER_OBJECT_CONVERSION = YES_AGGRESSIVE;
				CLANG_CXX_LANGUAGE_STANDARD = "gnu++14";
				CLANG_CXX_LIBRARY = "libc++";
				CLANG_ENABLE_MODULES = YES;
				CLANG_ENABLE_OBJC_ARC = YES;
				CLANG_ENABLE_OBJC_WEAK = YES;
				CLANG_WARN_BLOCK_CAPTURE_AUTORELEASING = YES;
				CLANG_WARN_BOOL_CONVERSION = YES;
				CLANG_WARN_COMMA = YES;
				CLANG_WARN_CONSTANT_CONVERSION = YES;
				CLANG_WARN_DEPRECATED_OBJC_IMPLEMENTATIONS = YES;
				CLANG_WARN_DIRECT_OBJC_ISA_USAGE = YES_ERROR;
				CLANG_WARN_DOCUMENTATION_COMMENTS = YES;
				CLANG_WARN_EMPTY_BODY = YES;
				CLANG_WARN_ENUM_CONVERSION = YES;
				CLANG_WARN_INFINITE_RECURSION = YES;
				CLANG_WARN_INT_CONVERSION = YES;
				CLANG_WARN_NON_LITERAL_NULL_CONVERSION = YES;
				CLANG_WARN_OBJC_IMPLICIT_RETAIN_SELF = YES;
				CLANG_WARN_OBJC_LITERAL_CONVERSION = YES;
				CLANG_WARN_OBJC_ROOT_CLASS = YES_ERROR;
				CLANG_WARN_RANGE_LOOP_ANALYSIS = YES;
				CLANG_WARN_STRICT_PROTOTYPES = YES;
				CLANG_WARN_SUSPICIOUS_MOVE = YES;
				CLANG_WARN_UNGUARDED_AVAILABILITY = YES_AGGRESSIVE;
				CLANG_WARN_UNREACHABLE_CODE = YES;
				CLANG_WARN__DUPLICATE_METHOD_MATCH = YES;
				COPY_PHASE_STRIP = NO;
				DEBUG_INFORMATION_FORMAT = "dwarf-with-dsym";
				ENABLE_NS_ASSERTIONS = NO;
				ENABLE_STRICT_OBJC_MSGSEND = YES;
				GCC_C_LANGUAGE_STANDARD = gnu11;
				GCC_NO_COMMON_BLOCKS = YES;
				GCC_WARN_64_TO_32_BIT_CONVERSION = YES;
				GCC_WARN_ABOUT_RETURN_TYPE = YES_ERROR;
				GCC_WARN_UNDECLARED_SELECTOR = YES;
				GCC_WARN_UNINITIALIZED_AUTOS = YES_AGGRESSIVE;
				GCC_WARN_UNUSED_FUNCTION = YES;
				GCC_WARN_UNUSED_VARIABLE = YES;
				IPHONEOS_DEPLOYMENT_TARGET = 13.4;
				MTL_ENABLE_DEBUG_INFO = NO;
				MTL_FAST_MATH = YES;
				SDKROOT = iphoneos;
				SWIFT_COMPILATION_MODE = wholemodule;
				SWIFT_OPTIMIZATION_LEVEL = "-O";
				VALIDATE_PRODUCT = YES;
			};
			name = Release;
		};
		2081B0EA24727BCE00BDFC98 /* Debug */ = {
			isa = XCBuildConfiguration;
			baseConfigurationReference = 476525A70A12BFE69C375552 /* Pods-GitHubSearch.debug.xcconfig */;
			buildSettings = {
				ASSETCATALOG_COMPILER_APPICON_NAME = AppIcon;
				CODE_SIGN_STYLE = Automatic;
				DEVELOPMENT_TEAM = J8A5ZAM5GV;
				INFOPLIST_FILE = GitHubSearch/Info.plist;
				IPHONEOS_DEPLOYMENT_TARGET = 12.0;
				LD_RUNPATH_SEARCH_PATHS = (
					"$(inherited)",
					"@executable_path/Frameworks",
				);
				PRODUCT_BUNDLE_IDENTIFIER = com.oluwatobiomotayo.GitHubSearch;
				PRODUCT_NAME = "$(TARGET_NAME)";
				SWIFT_VERSION = 5.0;
				TARGETED_DEVICE_FAMILY = 1;
			};
			name = Debug;
		};
		2081B0EB24727BCE00BDFC98 /* Release */ = {
			isa = XCBuildConfiguration;
			baseConfigurationReference = 6474CA8DDF211F327627BD92 /* Pods-GitHubSearch.release.xcconfig */;
			buildSettings = {
				ASSETCATALOG_COMPILER_APPICON_NAME = AppIcon;
				CODE_SIGN_STYLE = Automatic;
				DEVELOPMENT_TEAM = J8A5ZAM5GV;
				INFOPLIST_FILE = GitHubSearch/Info.plist;
				IPHONEOS_DEPLOYMENT_TARGET = 12.0;
				LD_RUNPATH_SEARCH_PATHS = (
					"$(inherited)",
					"@executable_path/Frameworks",
				);
				PRODUCT_BUNDLE_IDENTIFIER = com.oluwatobiomotayo.GitHubSearch;
				PRODUCT_NAME = "$(TARGET_NAME)";
				SWIFT_VERSION = 5.0;
				TARGETED_DEVICE_FAMILY = 1;
			};
			name = Release;
		};
/* End XCBuildConfiguration section */

/* Begin XCConfigurationList section */
		2081B0D024727BCD00BDFC98 /* Build configuration list for PBXProject "GitHubSearch" */ = {
			isa = XCConfigurationList;
			buildConfigurations = (
				2081B0E724727BCE00BDFC98 /* Debug */,
				2081B0E824727BCE00BDFC98 /* Release */,
			);
			defaultConfigurationIsVisible = 0;
			defaultConfigurationName = Release;
		};
		2081B0E924727BCE00BDFC98 /* Build configuration list for PBXNativeTarget "GitHubSearch" */ = {
			isa = XCConfigurationList;
			buildConfigurations = (
				2081B0EA24727BCE00BDFC98 /* Debug */,
				2081B0EB24727BCE00BDFC98 /* Release */,
			);
			defaultConfigurationIsVisible = 0;
			defaultConfigurationName = Release;
		};
/* End XCConfigurationList section */

/* Begin XCRemoteSwiftPackageReference section */
		2081B0F324727E3D00BDFC98 /* XCRemoteSwiftPackageReference "Moya" */ = {
			isa = XCRemoteSwiftPackageReference;
			repositoryURL = "https://github.com/Moya/Moya.git";
			requirement = {
				kind = upToNextMajorVersion;
				minimumVersion = 14.0.0;
			};
		};
/* End XCRemoteSwiftPackageReference section */

/* Begin XCSwiftPackageProductDependency section */
		2081B0F424727E3D00BDFC98 /* Moya */ = {
			isa = XCSwiftPackageProductDependency;
			package = 2081B0F324727E3D00BDFC98 /* XCRemoteSwiftPackageReference "Moya" */;
			productName = Moya;
		};
		2081B0F624727E3D00BDFC98 /* ReactiveMoya */ = {
			isa = XCSwiftPackageProductDependency;
			package = 2081B0F324727E3D00BDFC98 /* XCRemoteSwiftPackageReference "Moya" */;
			productName = ReactiveMoya;
		};
		2081B0F824727E3D00BDFC98 /* RxMoya */ = {
			isa = XCSwiftPackageProductDependency;
			package = 2081B0F324727E3D00BDFC98 /* XCRemoteSwiftPackageReference "Moya" */;
			productName = RxMoya;
		};
/* End XCSwiftPackageProductDependency section */
	};
	rootObject = 2081B0CD24727BCD00BDFC98 /* Project object */;
}
