{
  "object": {
    "pins": [
      {
        "package": "Lottie",
        "repositoryURL": "https://github.com/airbnb/lottie-ios",
        "state": {
          "branch": null,
          "revision": "76880a03b08db47f620884af399cb50e01fc540c",
          "version": "3.1.4"
        }
      }
    ]
  },
  "version": 1
}
